
Microsoft Visual Studio Solution File, Format Version 12.00
# Visual Studio 2013
VisualStudioVersion = 12.0.30324.0
MinimumVisualStudioVersion = 10.0.40219.1
Project("{FAE04EC0-301F-11D3-BF4B-00C04F79EFBC}") = "MathStringParser", "MathStringParser\MathStringParser.csproj", "{CF690090-3F65-49C5-8C41-94DBA40AF99A}"
EndProject
Project("{FAE04EC0-301F-11D3-BF4B-00C04F79EFBC}") = "MathStringParser.Tests", "MathStringParser.Tests\MathStringParser.Tests.csproj", "{232990A1-5515-4BCC-84F6-47B9DC2820F2}"
EndProject
Global
	GlobalSection(SolutionConfigurationPlatforms) = preSolution
		Debug|Any CPU = Debug|Any CPU
		Release|Any CPU = Release|Any CPU
	EndGlobalSection
	GlobalSection(ProjectConfigurationPlatforms) = postSolution
		{CF690090-3F65-49C5-8C41-94DBA40AF99A}.Debug|Any CPU.ActiveCfg = Debug|Any CPU
		{CF690090-3F65-49C5-8C41-94DBA40AF99A}.Debug|Any CPU.Build.0 = Debug|Any CPU
		{CF690090-3F65-49C5-8C41-94DBA40AF99A}.Release|Any CPU.ActiveCfg = Release|Any CPU
		{CF690090-3F65-49C5-8C41-94DBA40AF99A}.Release|Any CPU.Build.0 = Release|Any CPU
		{232990A1-5515-4BCC-84F6-47B9DC2820F2}.Debug|Any CPU.ActiveCfg = Debug|Any CPU
		{232990A1-5515-4BCC-84F6-47B9DC2820F2}.Debug|Any CPU.Build.0 = Debug|Any CPU
		{232990A1-5515-4BCC-84F6-47B9DC2820F2}.Release|Any CPU.ActiveCfg = Release|Any CPU
		{232990A1-5515-4BCC-84F6-47B9DC2820F2}.Release|Any CPU.Build.0 = Release|Any CPU
	EndGlobalSection
	GlobalSection(SolutionProperties) = preSolution
		HideSolutionNode = FALSE
	EndGlobalSection
EndGlobal
